
Microsoft Visual Studio Solution File, Format Version 12.00
# Visual Studio Version 17
VisualStudioVersion = 17.13.35818.85 d17.13
MinimumVisualStudioVersion = 10.0.40219.1
Project("{FAE04EC0-301F-11D3-BF4B-00C04F79EFBC}") = "RPC_Servidor", "RPC_Servidor.csproj", "{974C9950-8088-4AEF-9D69-1E1EBBAB49E5}"
EndProject
Global
	GlobalSection(SolutionConfigurationPlatforms) = preSolution
		Debug|Any CPU = Debug|Any CPU
		Release|Any CPU = Release|Any CPU
	EndGlobalSection
	GlobalSection(ProjectConfigurationPlatforms) = postSolution
		{974C9950-8088-4AEF-9D69-1E1EBBAB49E5}.Debug|Any CPU.ActiveCfg = Debug|Any CPU
		{974C9950-8088-4AEF-9D69-1E1EBBAB49E5}.Debug|Any CPU.Build.0 = Debug|Any CPU
		{974C9950-8088-4AEF-9D69-1E1EBBAB49E5}.Release|Any CPU.ActiveCfg = Release|Any CPU
		{974C9950-8088-4AEF-9D69-1E1EBBAB49E5}.Release|Any CPU.Build.0 = Release|Any CPU
	EndGlobalSection
	GlobalSection(SolutionProperties) = preSolution
		HideSolutionNode = FALSE
	EndGlobalSection
	GlobalSection(ExtensibilityGlobals) = postSolution
		SolutionGuid = {3EF0A5C6-765D-465D-95D1-D9710A68A1A4}
	EndGlobalSection
EndGlobal
